
Microsoft Visual Studio Solution File, Format Version 12.00
# Visual Studio Version 17
VisualStudioVersion = 17.8.34309.116
MinimumVisualStudioVersion = 10.0.40219.1
Project("{FAE04EC0-301F-11D3-BF4B-00C04F79EFBC}") = "WindowsFormsApp24", "WindowsFormsApp24\WindowsFormsApp24.csproj", "{2C661FA2-06A6-4D79-80E0-B57F2D053D26}"
EndProject
Global
	GlobalSection(SolutionConfigurationPlatforms) = preSolution
		Debug|Any CPU = Debug|Any CPU
		Release|Any CPU = Release|Any CPU
	EndGlobalSection
	GlobalSection(ProjectConfigurationPlatforms) = postSolution
		{2C661FA2-06A6-4D79-80E0-B57F2D053D26}.Debug|Any CPU.ActiveCfg = Debug|Any CPU
		{2C661FA2-06A6-4D79-80E0-B57F2D053D26}.Debug|Any CPU.Build.0 = Debug|Any CPU
		{2C661FA2-06A6-4D79-80E0-B57F2D053D26}.Release|Any CPU.ActiveCfg = Release|Any CPU
		{2C661FA2-06A6-4D79-80E0-B57F2D053D26}.Release|Any CPU.Build.0 = Release|Any CPU
	EndGlobalSection
	GlobalSection(SolutionProperties) = preSolution
		HideSolutionNode = FALSE
	EndGlobalSection
	GlobalSection(ExtensibilityGlobals) = postSolution
		SolutionGuid = {277690B0-9AF9-475E-BEA6-E23E7464FE1C}
	EndGlobalSection
EndGlobal
